
Microsoft Visual Studio Solution File, Format Version 12.00
# Visual Studio Version 16
VisualStudioVersion = 16.0.30804.86
MinimumVisualStudioVersion = 10.0.40219.1
Project("{FAE04EC0-301F-11D3-BF4B-00C04F79EFBC}") = "ExcelCrudOperations", "ExcelCrudOperations\ExcelCrudOperations.csproj", "{AA2462FC-FB66-407F-85A9-4B776FBD7092}"
EndProject
Global
	GlobalSection(SolutionConfigurationPlatforms) = preSolution
		Debug|Any CPU = Debug|Any CPU
		Release|Any CPU = Release|Any CPU
	EndGlobalSection
	GlobalSection(ProjectConfigurationPlatforms) = postSolution
		{AA2462FC-FB66-407F-85A9-4B776FBD7092}.Debug|Any CPU.ActiveCfg = Debug|Any CPU
		{AA2462FC-FB66-407F-85A9-4B776FBD7092}.Debug|Any CPU.Build.0 = Debug|Any CPU
		{AA2462FC-FB66-407F-85A9-4B776FBD7092}.Release|Any CPU.ActiveCfg = Release|Any CPU
		{AA2462FC-FB66-407F-85A9-4B776FBD7092}.Release|Any CPU.Build.0 = Release|Any CPU
	EndGlobalSection
	GlobalSection(SolutionProperties) = preSolution
		HideSolutionNode = FALSE
	EndGlobalSection
	GlobalSection(ExtensibilityGlobals) = postSolution
		SolutionGuid = {25D75D72-0021-4661-89AA-C2A6604DD044}
	EndGlobalSection
EndGlobal
